# This file is @generated by PDM.
# It is not intended for manual editing.

[metadata]
groups = ["default"]
strategy = ["cross_platform", "inherit_metadata"]
lock_version = "4.4.1"
content_hash = "sha256:eb56c66f64a3cbb8e9489ffa8f6943102c29e78bcb3c722c5ae3acbde0b4d72c"

[[package]]
name = "anyio"
version = "4.4.0"
requires_python = ">=3.8"
summary = "High level compatibility layer for multiple asynchronous event loop implementations"
groups = ["default"]
dependencies = [
    "exceptiongroup>=1.0.2; python_version < \"3.11\"",
    "idna>=2.8",
    "sniffio>=1.1",
    "typing-extensions>=4.1; python_version < \"3.11\"",
]
files = [
    {file = "anyio-4.4.0-py3-none-any.whl", hash = "sha256:c1b2d8f46a8a812513012e1107cb0e68c17159a7a594208005a57dc776e1bdc7"},
    {file = "anyio-4.4.0.tar.gz", hash = "sha256:5aadc6a1bbb7cdb0bede386cac5e2940f5e2ff3aa20277e991cf028e0585ce94"},
]

[[package]]
name = "brotli"
version = "1.1.0"
summary = "Python bindings for the Brotli compression library"
groups = ["default"]
files = [
    {file = "Brotli-1.1.0-cp310-cp310-macosx_10_9_universal2.whl", hash = "sha256:e1140c64812cb9b06c922e77f1c26a75ec5e3f0fb2bf92cc8c58720dec276752"},
    {file = "Brotli-1.1.0-cp310-cp310-macosx_10_9_x86_64.whl", hash = "sha256:c8fd5270e906eef71d4a8d19b7c6a43760c6abcfcc10c9101d14eb2357418de9"},
    {file = "Brotli-1.1.0-cp310-cp310-manylinux_2_17_aarch64.manylinux2014_aarch64.whl", hash = "sha256:1ae56aca0402a0f9a3431cddda62ad71666ca9d4dc3a10a142b9dce2e3c0cda3"},
    {file = "Brotli-1.1.0-cp310-cp310-manylinux_2_17_ppc64le.manylinux2014_ppc64le.whl", hash = "sha256:43ce1b9935bfa1ede40028054d7f48b5469cd02733a365eec8a329ffd342915d"},
    {file = "Brotli-1.1.0-cp310-cp310-manylinux_2_5_i686.manylinux1_i686.manylinux_2_12_i686.manylinux2010_i686.whl", hash = "sha256:7c4855522edb2e6ae7fdb58e07c3ba9111e7621a8956f481c68d5d979c93032e"},
    {file = "Brotli-1.1.0-cp310-cp310-manylinux_2_5_x86_64.manylinux1_x86_64.manylinux_2_12_x86_64.manylinux2010_x86_64.whl", hash = "sha256:38025d9f30cf4634f8309c6874ef871b841eb3c347e90b0851f63d1ded5212da"},
    {file = "Brotli-1.1.0-cp310-cp310-musllinux_1_1_aarch64.whl", hash = "sha256:e6a904cb26bfefc2f0a6f240bdf5233be78cd2488900a2f846f3c3ac8489ab80"},
    {file = "Brotli-1.1.0-cp310-cp310-musllinux_1_1_i686.whl", hash = "sha256:a37b8f0391212d29b3a91a799c8e4a2855e0576911cdfb2515487e30e322253d"},
    {file = "Brotli-1.1.0-cp310-cp310-musllinux_1_1_ppc64le.whl", hash = "sha256:e84799f09591700a4154154cab9787452925578841a94321d5ee8fb9a9a328f0"},
    {file = "Brotli-1.1.0-cp310-cp310-musllinux_1_1_x86_64.whl", hash = "sha256:f66b5337fa213f1da0d9000bc8dc0cb5b896b726eefd9c6046f699b169c41b9e"},
    {file = "Brotli-1.1.0-cp310-cp310-win32.whl", hash = "sha256:be36e3d172dc816333f33520154d708a2657ea63762ec16b62ece02ab5e4daf2"},
    {file = "Brotli-1.1.0-cp310-cp310-win_amd64.whl", hash = "sha256:0c6244521dda65ea562d5a69b9a26120769b7a9fb3db2fe9545935ed6735b128"},
    {file = "Brotli-1.1.0-cp311-cp311-macosx_10_9_universal2.whl", hash = "sha256:a3daabb76a78f829cafc365531c972016e4aa8d5b4bf60660ad8ecee19df7ccc"},
    {file = "Brotli-1.1.0-cp311-cp311-macosx_10_9_x86_64.whl", hash = "sha256:c8146669223164fc87a7e3de9f81e9423c67a79d6b3447994dfb9c95da16e2d6"},
    {file = "Brotli-1.1.0-cp311-cp311-manylinux_2_17_aarch64.manylinux2014_aarch64.whl", hash = "sha256:30924eb4c57903d5a7526b08ef4a584acc22ab1ffa085faceb521521d2de32dd"},
    {file = "Brotli-1.1.0-cp311-cp311-manylinux_2_17_ppc64le.manylinux2014_ppc64le.whl", hash = "sha256:ceb64bbc6eac5a140ca649003756940f8d6a7c444a68af170b3187623b43bebf"},
    {file = "Brotli-1.1.0-cp311-cp311-manylinux_2_17_x86_64.manylinux2014_x86_64.whl", hash = "sha256:a469274ad18dc0e4d316eefa616d1d0c2ff9da369af19fa6f3daa4f09671fd61"},
    {file = "Brotli-1.1.0-cp311-cp311-manylinux_2_5_i686.manylinux1_i686.manylinux_2_17_i686.manylinux2014_i686.whl", hash = "sha256:524f35912131cc2cabb00edfd8d573b07f2d9f21fa824bd3fb19725a9cf06327"},
    {file = "Brotli-1.1.0-cp311-cp311-musllinux_1_1_aarch64.whl", hash = "sha256:5b3cc074004d968722f51e550b41a27be656ec48f8afaeeb45ebf65b561481dd"},
    {file = "Brotli-1.1.0-cp311-cp311-musllinux_1_1_i686.whl", hash = "sha256:19c116e796420b0cee3da1ccec3b764ed2952ccfcc298b55a10e5610ad7885f9"},
    {file = "Brotli-1.1.0-cp311-cp311-musllinux_1_1_ppc64le.whl", hash = "sha256:510b5b1bfbe20e1a7b3baf5fed9e9451873559a976c1a78eebaa3b86c57b4265"},
    {file = "Brotli-1.1.0-cp311-cp311-musllinux_1_1_x86_64.whl", hash = "sha256:a1fd8a29719ccce974d523580987b7f8229aeace506952fa9ce1d53a033873c8"},
    {file = "Brotli-1.1.0-cp311-cp311-win32.whl", hash = "sha256:39da8adedf6942d76dc3e46653e52df937a3c4d6d18fdc94a7c29d263b1f5b50"},
    {file = "Brotli-1.1.0-cp311-cp311-win_amd64.whl", hash = "sha256:aac0411d20e345dc0920bdec5548e438e999ff68d77564d5e9463a7ca9d3e7b1"},
    {file = "Brotli-1.1.0-cp312-cp312-macosx_10_9_universal2.whl", hash = "sha256:316cc9b17edf613ac76b1f1f305d2a748f1b976b033b049a6ecdfd5612c70409"},
    {file = "Brotli-1.1.0-cp312-cp312-macosx_10_9_x86_64.whl", hash = "sha256:caf9ee9a5775f3111642d33b86237b05808dafcd6268faa492250e9b78046eb2"},
    {file = "Brotli-1.1.0-cp312-cp312-manylinux_2_17_aarch64.manylinux2014_aarch64.whl", hash = "sha256:70051525001750221daa10907c77830bc889cb6d865cc0b813d9db7fefc21451"},
    {file = "Brotli-1.1.0-cp312-cp312-manylinux_2_17_ppc64le.manylinux2014_ppc64le.whl", hash = "sha256:7f4bf76817c14aa98cc6697ac02f3972cb8c3da93e9ef16b9c66573a68014f91"},
    {file = "Brotli-1.1.0-cp312-cp312-manylinux_2_17_x86_64.manylinux2014_x86_64.whl", hash = "sha256:d0c5516f0aed654134a2fc936325cc2e642f8a0e096d075209672eb321cff408"},
    {file = "Brotli-1.1.0-cp312-cp312-manylinux_2_5_i686.manylinux1_i686.manylinux_2_17_i686.manylinux2014_i686.whl", hash = "sha256:6c3020404e0b5eefd7c9485ccf8393cfb75ec38ce75586e046573c9dc29967a0"},
    {file = "Brotli-1.1.0-cp312-cp312-musllinux_1_1_aarch64.whl", hash = "sha256:4ed11165dd45ce798d99a136808a794a748d5dc38511303239d4e2363c0695dc"},
    {file = "Brotli-1.1.0-cp312-cp312-musllinux_1_1_i686.whl", hash = "sha256:4093c631e96fdd49e0377a9c167bfd75b6d0bad2ace734c6eb20b348bc3ea180"},
    {file = "Brotli-1.1.0-cp312-cp312-musllinux_1_1_ppc64le.whl", hash = "sha256:7e4c4629ddad63006efa0ef968c8e4751c5868ff0b1c5c40f76524e894c50248"},
    {file = "Brotli-1.1.0-cp312-cp312-musllinux_1_1_x86_64.whl", hash = "sha256:861bf317735688269936f755fa136a99d1ed526883859f86e41a5d43c61d8966"},
    {file = "Brotli-1.1.0-cp312-cp312-win32.whl", hash = "sha256:5f4d5ea15c9382135076d2fb28dde923352fe02951e66935a9efaac8f10e81b0"},
    {file = "Brotli-1.1.0-cp312-cp312-win_amd64.whl", hash = "sha256:906bc3a79de8c4ae5b86d3d75a8b77e44404b0f4261714306e3ad248d8ab0951"},
    {file = "Brotli-1.1.0.tar.gz", hash = "sha256:81de08ac11bcb85841e440c13611c00b67d3bf82698314928d0b676362546724"},
]

[[package]]
name = "certifi"
version = "2024.6.2"
requires_python = ">=3.6"
summary = "Python package for providing Mozilla's CA Bundle."
groups = ["default"]
files = [
    {file = "certifi-2024.6.2-py3-none-any.whl", hash = "sha256:ddc6c8ce995e6987e7faf5e3f1b02b302836a0e5d98ece18392cb1a36c72ad56"},
    {file = "certifi-2024.6.2.tar.gz", hash = "sha256:3cd43f1c6fa7dedc5899d69d3ad0398fd018ad1a17fba83ddaf78aa46c747516"},
]

[[package]]
name = "colorama"
version = "0.4.6"
requires_python = "!=3.0.*,!=3.1.*,!=3.2.*,!=3.3.*,!=3.4.*,!=3.5.*,!=3.6.*,>=2.7"
summary = "Cross-platform colored terminal text."
groups = ["default"]
marker = "platform_system == \"Windows\""
files = [
    {file = "colorama-0.4.6-py2.py3-none-any.whl", hash = "sha256:4f1d9991f5acc0ca119f9d443620b77f9d6b33703e51011c16baf57afb285fc6"},
    {file = "colorama-0.4.6.tar.gz", hash = "sha256:08695f5cb7ed6e0531a20572697297273c47b8cae5a63ffc6d6ed5c201be6e44"},
]

[[package]]
name = "etcpak"
version = "0.9.8"
summary = "python wrapper for etcpak"
groups = ["default"]
files = [
    {file = "etcpak-0.9.8-cp310-cp310-macosx_10_9_universal2.whl", hash = "sha256:0707308fdb40f4f84c34bf7d3b86b028f27ce62acf582f3c7f18571846d1daeb"},
    {file = "etcpak-0.9.8-cp310-cp310-macosx_10_9_x86_64.whl", hash = "sha256:9ac45356770e1bb341a602a02dc53fb2d7af70dc7eb60047f757133a0117204d"},
    {file = "etcpak-0.9.8-cp310-cp310-macosx_11_0_arm64.whl", hash = "sha256:313a46c96250721aee47feb06b167b40f3d4ae5c7d892bb63ce44470fba1bae9"},
    {file = "etcpak-0.9.8-cp310-cp310-manylinux_2_17_aarch64.manylinux2014_aarch64.whl", hash = "sha256:574be02f384fe35fdf12733e8e2712e5a012566380205a57dbe586c0b9fa7a52"},
    {file = "etcpak-0.9.8-cp310-cp310-manylinux_2_5_i686.manylinux1_i686.manylinux_2_17_i686.manylinux2014_i686.whl", hash = "sha256:3462f333052543af0d5b0a782c01dee7af70a8a01b032f0607ed00545a521445"},
    {file = "etcpak-0.9.8-cp310-cp310-manylinux_2_5_x86_64.manylinux1_x86_64.manylinux_2_17_x86_64.manylinux2014_x86_64.whl", hash = "sha256:d1bdc4d03435f3880398bf6f75103329370115fb64f3c54eed3ca477246ae97f"},
    {file = "etcpak-0.9.8-cp310-cp310-win32.whl", hash = "sha256:3fe9a1ad56db6e4a336f77efc97f6938494850d6eb0a01c32922f0da1fcf2b09"},
    {file = "etcpak-0.9.8-cp310-cp310-win_amd64.whl", hash = "sha256:48ca1c5d9d422c397eb03183137b95085d7ef019a5bbcce34901d4c07fef8e0f"},
    {file = "etcpak-0.9.8-cp311-cp311-macosx_10_9_universal2.whl", hash = "sha256:8442dbce60d67bc6aa23a074e0e7077126eb3ebbdc2e6b65f059a43d1f4d01b7"},
    {file = "etcpak-0.9.8-cp311-cp311-macosx_10_9_x86_64.whl", hash = "sha256:86e1624791bfa21280825f4f922e76b874ec398b0c676c3aaafd4a08674ad872"},
    {file = "etcpak-0.9.8-cp311-cp311-macosx_11_0_arm64.whl", hash = "sha256:5d715f19191123c1d77a8eaa2b604ccefb067c5f046ffe86d38715bbce07f6ed"},
    {file = "etcpak-0.9.8-cp311-cp311-manylinux_2_17_aarch64.manylinux2014_aarch64.whl", hash = "sha256:fefc420c88b29f194f0f71b1da3b40c5aeb1d55637209796ea8fad943c9ef28a"},
    {file = "etcpak-0.9.8-cp311-cp311-manylinux_2_5_i686.manylinux1_i686.manylinux_2_17_i686.manylinux2014_i686.whl", hash = "sha256:86464c63622de86b0492fc9fcd2a58af9dc15ca73eeab3f1d63b3682c8a96ff3"},
    {file = "etcpak-0.9.8-cp311-cp311-manylinux_2_5_x86_64.manylinux1_x86_64.manylinux_2_17_x86_64.manylinux2014_x86_64.whl", hash = "sha256:6533df0657ed2a4ca6e525457d2edc3380dc174ff6d41e67e146102337fb4270"},
    {file = "etcpak-0.9.8-cp311-cp311-win32.whl", hash = "sha256:6f1c395bddc464949d183c2071b9ae4f6601cdf876ad38636447b6c65ed2bb9b"},
    {file = "etcpak-0.9.8-cp311-cp311-win_amd64.whl", hash = "sha256:6f9a6f61425fc02bdec329b73812d41e3822610d8ba50fde7c7b0c8d64598910"},
    {file = "etcpak-0.9.8-cp312-cp312-macosx_10_9_universal2.whl", hash = "sha256:7f2189b1eec6be7567e7882c24ed318dab6f07b00a3b3276e9528da5e66318a8"},
    {file = "etcpak-0.9.8-cp312-cp312-macosx_10_9_x86_64.whl", hash = "sha256:64052e1551079fe7613a58ac36795aa4c2d22effab47ebc5d3c9a499c87d642f"},
    {file = "etcpak-0.9.8-cp312-cp312-macosx_11_0_arm64.whl", hash = "sha256:a1e6f453f77e344b4e1227f7e7e24228b729ebf4b5dd2cc2952981dc5ecfc401"},
    {file = "etcpak-0.9.8-cp312-cp312-manylinux_2_17_aarch64.manylinux2014_aarch64.whl", hash = "sha256:a1c80309e556ab2a7cee71a5aa68919bc2c8f498078b04fc48087f514d756c98"},
    {file = "etcpak-0.9.8-cp312-cp312-manylinux_2_5_i686.manylinux1_i686.manylinux_2_17_i686.manylinux2014_i686.whl", hash = "sha256:d6c5e220777ec4f26c988df38d50bf6eb9876dfaafe585417c5c1ccb438fb671"},
    {file = "etcpak-0.9.8-cp312-cp312-manylinux_2_5_x86_64.manylinux1_x86_64.manylinux_2_17_x86_64.manylinux2014_x86_64.whl", hash = "sha256:3111478412a08146680ef440908687b298bada469e0c791b8049089624dec158"},
    {file = "etcpak-0.9.8-cp312-cp312-win32.whl", hash = "sha256:08459dcaee61fd8c740d53b5849ecede05d919d6e15741fd46ac9ca566c240ca"},
    {file = "etcpak-0.9.8-cp312-cp312-win_amd64.whl", hash = "sha256:debdefddc5504cd3f973d3e5963030590362381f33518f8b74794d2686729e82"},
    {file = "etcpak-0.9.8.tar.gz", hash = "sha256:c6b52c9da0fbeae02626b483bda16d2ec9622a85839fbfdc1ad666ce02f5fe2a"},
]

[[package]]
name = "exceptiongroup"
version = "1.2.1"
requires_python = ">=3.7"
summary = "Backport of PEP 654 (exception groups)"
groups = ["default"]
marker = "python_version < \"3.11\""
files = [
    {file = "exceptiongroup-1.2.1-py3-none-any.whl", hash = "sha256:5258b9ed329c5bbdd31a309f53cbfb0b155341807f6ff7606a1e801a891b29ad"},
    {file = "exceptiongroup-1.2.1.tar.gz", hash = "sha256:a4785e48b045528f5bfe627b6ad554ff32def154f42372786903b7abcfe1aa16"},
]

[[package]]
name = "fsspec"
version = "2024.6.1"
requires_python = ">=3.8"
summary = "File-system specification"
groups = ["default"]
files = [
    {file = "fsspec-2024.6.1-py3-none-any.whl", hash = "sha256:3cb443f8bcd2efb31295a5b9fdb02aee81d8452c80d28f97a6d0959e6cee101e"},
    {file = "fsspec-2024.6.1.tar.gz", hash = "sha256:fad7d7e209dd4c1208e3bbfda706620e0da5142bebbd9c384afb95b07e798e49"},
]

[[package]]
name = "h11"
version = "0.14.0"
requires_python = ">=3.7"
summary = "A pure-Python, bring-your-own-I/O implementation of HTTP/1.1"
groups = ["default"]
files = [
    {file = "h11-0.14.0-py3-none-any.whl", hash = "sha256:e3fe4ac4b851c468cc8363d500db52c2ead036020723024a109d37346efaa761"},
    {file = "h11-0.14.0.tar.gz", hash = "sha256:8f19fbbe99e72420ff35c00b27a34cb9937e902a8b810e2c88300c6f0a3b699d"},
]

[[package]]
name = "httpcore"
version = "1.0.5"
requires_python = ">=3.8"
summary = "A minimal low-level HTTP client."
groups = ["default"]
dependencies = [
    "certifi",
    "h11<0.15,>=0.13",
]
files = [
    {file = "httpcore-1.0.5-py3-none-any.whl", hash = "sha256:421f18bac248b25d310f3cacd198d55b8e6125c107797b609ff9b7a6ba7991b5"},
    {file = "httpcore-1.0.5.tar.gz", hash = "sha256:34a38e2f9291467ee3b44e89dd52615370e152954ba21721378a87b2960f7a61"},
]

[[package]]
name = "httpx"
version = "0.27.0"
requires_python = ">=3.8"
summary = "The next generation HTTP client."
groups = ["default"]
dependencies = [
    "anyio",
    "certifi",
    "httpcore==1.*",
    "idna",
    "sniffio",
]
files = [
    {file = "httpx-0.27.0-py3-none-any.whl", hash = "sha256:71d5465162c13681bff01ad59b2cc68dd838ea1f10e51574bac27103f00c91a5"},
    {file = "httpx-0.27.0.tar.gz", hash = "sha256:a0cb88a46f32dc874e04ee956e4c2764aba2aa228f650b06788ba6bda2962ab5"},
]

[[package]]
name = "idna"
version = "3.7"
requires_python = ">=3.5"
summary = "Internationalized Domain Names in Applications (IDNA)"
groups = ["default"]
files = [
    {file = "idna-3.7-py3-none-any.whl", hash = "sha256:82fee1fc78add43492d3a1898bfa6d8a904cc97d8427f683ed8e798d07761aa0"},
    {file = "idna-3.7.tar.gz", hash = "sha256:028ff3aadf0609c1fd278d8ea3089299412a7a8b9bd005dd08b9f8285bcb5cfc"},
]

[[package]]
name = "lz4"
version = "4.3.3"
requires_python = ">=3.8"
summary = "LZ4 Bindings for Python"
groups = ["default"]
files = [
    {file = "lz4-4.3.3-cp310-cp310-macosx_10_9_x86_64.whl", hash = "sha256:b891880c187e96339474af2a3b2bfb11a8e4732ff5034be919aa9029484cd201"},
    {file = "lz4-4.3.3-cp310-cp310-macosx_11_0_arm64.whl", hash = "sha256:222a7e35137d7539c9c33bb53fcbb26510c5748779364014235afc62b0ec797f"},
    {file = "lz4-4.3.3-cp310-cp310-manylinux_2_17_aarch64.manylinux2014_aarch64.whl", hash = "sha256:f76176492ff082657ada0d0f10c794b6da5800249ef1692b35cf49b1e93e8ef7"},
    {file = "lz4-4.3.3-cp310-cp310-manylinux_2_17_x86_64.manylinux2014_x86_64.whl", hash = "sha256:f1d18718f9d78182c6b60f568c9a9cec8a7204d7cb6fad4e511a2ef279e4cb05"},
    {file = "lz4-4.3.3-cp310-cp310-manylinux_2_5_i686.manylinux1_i686.manylinux_2_17_i686.manylinux2014_i686.whl", hash = "sha256:6cdc60e21ec70266947a48839b437d46025076eb4b12c76bd47f8e5eb8a75dcc"},
    {file = "lz4-4.3.3-cp310-cp310-win32.whl", hash = "sha256:c81703b12475da73a5d66618856d04b1307e43428a7e59d98cfe5a5d608a74c6"},
    {file = "lz4-4.3.3-cp310-cp310-win_amd64.whl", hash = "sha256:43cf03059c0f941b772c8aeb42a0813d68d7081c009542301637e5782f8a33e2"},
    {file = "lz4-4.3.3-cp311-cp311-macosx_10_9_x86_64.whl", hash = "sha256:30e8c20b8857adef7be045c65f47ab1e2c4fabba86a9fa9a997d7674a31ea6b6"},
    {file = "lz4-4.3.3-cp311-cp311-macosx_11_0_arm64.whl", hash = "sha256:2f7b1839f795315e480fb87d9bc60b186a98e3e5d17203c6e757611ef7dcef61"},
    {file = "lz4-4.3.3-cp311-cp311-manylinux_2_17_aarch64.manylinux2014_aarch64.whl", hash = "sha256:edfd858985c23523f4e5a7526ca6ee65ff930207a7ec8a8f57a01eae506aaee7"},
    {file = "lz4-4.3.3-cp311-cp311-manylinux_2_17_x86_64.manylinux2014_x86_64.whl", hash = "sha256:0e9c410b11a31dbdc94c05ac3c480cb4b222460faf9231f12538d0074e56c563"},
    {file = "lz4-4.3.3-cp311-cp311-manylinux_2_5_i686.manylinux1_i686.manylinux_2_17_i686.manylinux2014_i686.whl", hash = "sha256:d2507ee9c99dbddd191c86f0e0c8b724c76d26b0602db9ea23232304382e1f21"},
    {file = "lz4-4.3.3-cp311-cp311-win32.whl", hash = "sha256:f180904f33bdd1e92967923a43c22899e303906d19b2cf8bb547db6653ea6e7d"},
    {file = "lz4-4.3.3-cp311-cp311-win_amd64.whl", hash = "sha256:b14d948e6dce389f9a7afc666d60dd1e35fa2138a8ec5306d30cd2e30d36b40c"},
    {file = "lz4-4.3.3-cp312-cp312-macosx_10_9_x86_64.whl", hash = "sha256:e36cd7b9d4d920d3bfc2369840da506fa68258f7bb176b8743189793c055e43d"},
    {file = "lz4-4.3.3-cp312-cp312-macosx_11_0_arm64.whl", hash = "sha256:31ea4be9d0059c00b2572d700bf2c1bc82f241f2c3282034a759c9a4d6ca4dc2"},
    {file = "lz4-4.3.3-cp312-cp312-manylinux_2_17_aarch64.manylinux2014_aarch64.whl", hash = "sha256:33c9a6fd20767ccaf70649982f8f3eeb0884035c150c0b818ea660152cf3c809"},
    {file = "lz4-4.3.3-cp312-cp312-manylinux_2_17_x86_64.manylinux2014_x86_64.whl", hash = "sha256:bca8fccc15e3add173da91be8f34121578dc777711ffd98d399be35487c934bf"},
    {file = "lz4-4.3.3-cp312-cp312-manylinux_2_5_i686.manylinux1_i686.manylinux_2_17_i686.manylinux2014_i686.whl", hash = "sha256:e7d84b479ddf39fe3ea05387f10b779155fc0990125f4fb35d636114e1c63a2e"},
    {file = "lz4-4.3.3-cp312-cp312-win32.whl", hash = "sha256:337cb94488a1b060ef1685187d6ad4ba8bc61d26d631d7ba909ee984ea736be1"},
    {file = "lz4-4.3.3-cp312-cp312-win_amd64.whl", hash = "sha256:5d35533bf2cee56f38ced91f766cd0038b6abf46f438a80d50c52750088be93f"},
    {file = "lz4-4.3.3.tar.gz", hash = "sha256:01fe674ef2889dbb9899d8a67361e0c4a2c833af5aeb37dd505727cf5d2a131e"},
]

[[package]]
name = "pillow"
version = "10.3.0"
requires_python = ">=3.8"
summary = "Python Imaging Library (Fork)"
groups = ["default"]
files = [
    {file = "pillow-10.3.0-cp310-cp310-macosx_10_10_x86_64.whl", hash = "sha256:90b9e29824800e90c84e4022dd5cc16eb2d9605ee13f05d47641eb183cd73d45"},
    {file = "pillow-10.3.0-cp310-cp310-macosx_11_0_arm64.whl", hash = "sha256:a2c405445c79c3f5a124573a051062300936b0281fee57637e706453e452746c"},
    {file = "pillow-10.3.0-cp310-cp310-manylinux_2_17_aarch64.manylinux2014_aarch64.whl", hash = "sha256:78618cdbccaa74d3f88d0ad6cb8ac3007f1a6fa5c6f19af64b55ca170bfa1edf"},
    {file = "pillow-10.3.0-cp310-cp310-manylinux_2_17_x86_64.manylinux2014_x86_64.whl", hash = "sha256:261ddb7ca91fcf71757979534fb4c128448b5b4c55cb6152d280312062f69599"},
    {file = "pillow-10.3.0-cp310-cp310-manylinux_2_28_aarch64.whl", hash = "sha256:ce49c67f4ea0609933d01c0731b34b8695a7a748d6c8d186f95e7d085d2fe475"},
    {file = "pillow-10.3.0-cp310-cp310-manylinux_2_28_x86_64.whl", hash = "sha256:b14f16f94cbc61215115b9b1236f9c18403c15dd3c52cf629072afa9d54c1cbf"},
    {file = "pillow-10.3.0-cp310-cp310-musllinux_1_1_aarch64.whl", hash = "sha256:d33891be6df59d93df4d846640f0e46f1a807339f09e79a8040bc887bdcd7ed3"},
    {file = "pillow-10.3.0-cp310-cp310-musllinux_1_1_x86_64.whl", hash = "sha256:b50811d664d392f02f7761621303eba9d1b056fb1868c8cdf4231279645c25f5"},
    {file = "pillow-10.3.0-cp310-cp310-win32.whl", hash = "sha256:ca2870d5d10d8726a27396d3ca4cf7976cec0f3cb706debe88e3a5bd4610f7d2"},
    {file = "pillow-10.3.0-cp310-cp310-win_amd64.whl", hash = "sha256:f0d0591a0aeaefdaf9a5e545e7485f89910c977087e7de2b6c388aec32011e9f"},
    {file = "pillow-10.3.0-cp310-cp310-win_arm64.whl", hash = "sha256:ccce24b7ad89adb5a1e34a6ba96ac2530046763912806ad4c247356a8f33a67b"},
    {file = "pillow-10.3.0-cp311-cp311-macosx_10_10_x86_64.whl", hash = "sha256:5f77cf66e96ae734717d341c145c5949c63180842a545c47a0ce7ae52ca83795"},
    {file = "pillow-10.3.0-cp311-cp311-macosx_11_0_arm64.whl", hash = "sha256:e4b878386c4bf293578b48fc570b84ecfe477d3b77ba39a6e87150af77f40c57"},
    {file = "pillow-10.3.0-cp311-cp311-manylinux_2_17_aarch64.manylinux2014_aarch64.whl", hash = "sha256:fdcbb4068117dfd9ce0138d068ac512843c52295ed996ae6dd1faf537b6dbc27"},
    {file = "pillow-10.3.0-cp311-cp311-manylinux_2_17_x86_64.manylinux2014_x86_64.whl", hash = "sha256:9797a6c8fe16f25749b371c02e2ade0efb51155e767a971c61734b1bf6293994"},
    {file = "pillow-10.3.0-cp311-cp311-manylinux_2_28_aarch64.whl", hash = "sha256:9e91179a242bbc99be65e139e30690e081fe6cb91a8e77faf4c409653de39451"},
    {file = "pillow-10.3.0-cp311-cp311-manylinux_2_28_x86_64.whl", hash = "sha256:1b87bd9d81d179bd8ab871603bd80d8645729939f90b71e62914e816a76fc6bd"},
    {file = "pillow-10.3.0-cp311-cp311-musllinux_1_1_aarch64.whl", hash = "sha256:81d09caa7b27ef4e61cb7d8fbf1714f5aec1c6b6c5270ee53504981e6e9121ad"},
    {file = "pillow-10.3.0-cp311-cp311-musllinux_1_1_x86_64.whl", hash = "sha256:048ad577748b9fa4a99a0548c64f2cb8d672d5bf2e643a739ac8faff1164238c"},
    {file = "pillow-10.3.0-cp311-cp311-win32.whl", hash = "sha256:7161ec49ef0800947dc5570f86568a7bb36fa97dd09e9827dc02b718c5643f09"},
    {file = "pillow-10.3.0-cp311-cp311-win_amd64.whl", hash = "sha256:8eb0908e954d093b02a543dc963984d6e99ad2b5e36503d8a0aaf040505f747d"},
    {file = "pillow-10.3.0-cp311-cp311-win_arm64.whl", hash = "sha256:4e6f7d1c414191c1199f8996d3f2282b9ebea0945693fb67392c75a3a320941f"},
    {file = "pillow-10.3.0-cp312-cp312-macosx_10_10_x86_64.whl", hash = "sha256:e46f38133e5a060d46bd630faa4d9fa0202377495df1f068a8299fd78c84de84"},
    {file = "pillow-10.3.0-cp312-cp312-macosx_11_0_arm64.whl", hash = "sha256:50b8eae8f7334ec826d6eeffaeeb00e36b5e24aa0b9df322c247539714c6df19"},
    {file = "pillow-10.3.0-cp312-cp312-manylinux_2_17_aarch64.manylinux2014_aarch64.whl", hash = "sha256:9d3bea1c75f8c53ee4d505c3e67d8c158ad4df0d83170605b50b64025917f338"},
    {file = "pillow-10.3.0-cp312-cp312-manylinux_2_17_x86_64.manylinux2014_x86_64.whl", hash = "sha256:19aeb96d43902f0a783946a0a87dbdad5c84c936025b8419da0a0cd7724356b1"},
    {file = "pillow-10.3.0-cp312-cp312-manylinux_2_28_aarch64.whl", hash = "sha256:74d28c17412d9caa1066f7a31df8403ec23d5268ba46cd0ad2c50fb82ae40462"},
    {file = "pillow-10.3.0-cp312-cp312-manylinux_2_28_x86_64.whl", hash = "sha256:ff61bfd9253c3915e6d41c651d5f962da23eda633cf02262990094a18a55371a"},
    {file = "pillow-10.3.0-cp312-cp312-musllinux_1_1_aarch64.whl", hash = "sha256:d886f5d353333b4771d21267c7ecc75b710f1a73d72d03ca06df49b09015a9ef"},
    {file = "pillow-10.3.0-cp312-cp312-musllinux_1_1_x86_64.whl", hash = "sha256:4b5ec25d8b17217d635f8935dbc1b9aa5907962fae29dff220f2659487891cd3"},
    {file = "pillow-10.3.0-cp312-cp312-win32.whl", hash = "sha256:51243f1ed5161b9945011a7360e997729776f6e5d7005ba0c6879267d4c5139d"},
    {file = "pillow-10.3.0-cp312-cp312-win_amd64.whl", hash = "sha256:412444afb8c4c7a6cc11a47dade32982439925537e483be7c0ae0cf96c4f6a0b"},
    {file = "pillow-10.3.0-cp312-cp312-win_arm64.whl", hash = "sha256:798232c92e7665fe82ac085f9d8e8ca98826f8e27859d9a96b41d519ecd2e49a"},
    {file = "pillow-10.3.0-pp310-pypy310_pp73-macosx_10_10_x86_64.whl", hash = "sha256:6b02471b72526ab8a18c39cb7967b72d194ec53c1fd0a70b050565a0f366d355"},
    {file = "pillow-10.3.0-pp310-pypy310_pp73-macosx_11_0_arm64.whl", hash = "sha256:8ab74c06ffdab957d7670c2a5a6e1a70181cd10b727cd788c4dd9005b6a8acd9"},
    {file = "pillow-10.3.0-pp310-pypy310_pp73-manylinux_2_17_aarch64.manylinux2014_aarch64.whl", hash = "sha256:048eeade4c33fdf7e08da40ef402e748df113fd0b4584e32c4af74fe78baaeb2"},
    {file = "pillow-10.3.0-pp310-pypy310_pp73-manylinux_2_17_x86_64.manylinux2014_x86_64.whl", hash = "sha256:9e2ec1e921fd07c7cda7962bad283acc2f2a9ccc1b971ee4b216b75fad6f0463"},
    {file = "pillow-10.3.0-pp310-pypy310_pp73-manylinux_2_28_aarch64.whl", hash = "sha256:4c8e73e99da7db1b4cad7f8d682cf6abad7844da39834c288fbfa394a47bbced"},
    {file = "pillow-10.3.0-pp310-pypy310_pp73-manylinux_2_28_x86_64.whl", hash = "sha256:16563993329b79513f59142a6b02055e10514c1a8e86dca8b48a893e33cf91e3"},
    {file = "pillow-10.3.0-pp310-pypy310_pp73-win_amd64.whl", hash = "sha256:dd78700f5788ae180b5ee8902c6aea5a5726bac7c364b202b4b3e3ba2d293170"},
    {file = "pillow-10.3.0-pp39-pypy39_pp73-macosx_10_10_x86_64.whl", hash = "sha256:aff76a55a8aa8364d25400a210a65ff59d0168e0b4285ba6bf2bd83cf675ba32"},
    {file = "pillow-10.3.0-pp39-pypy39_pp73-macosx_11_0_arm64.whl", hash = "sha256:b7bc2176354defba3edc2b9a777744462da2f8e921fbaf61e52acb95bafa9828"},
    {file = "pillow-10.3.0-pp39-pypy39_pp73-manylinux_2_17_aarch64.manylinux2014_aarch64.whl", hash = "sha256:793b4e24db2e8742ca6423d3fde8396db336698c55cd34b660663ee9e45ed37f"},
    {file = "pillow-10.3.0-pp39-pypy39_pp73-manylinux_2_17_x86_64.manylinux2014_x86_64.whl", hash = "sha256:d93480005693d247f8346bc8ee28c72a2191bdf1f6b5db469c096c0c867ac015"},
    {file = "pillow-10.3.0-pp39-pypy39_pp73-manylinux_2_28_aarch64.whl", hash = "sha256:c83341b89884e2b2e55886e8fbbf37c3fa5efd6c8907124aeb72f285ae5696e5"},
    {file = "pillow-10.3.0-pp39-pypy39_pp73-manylinux_2_28_x86_64.whl", hash = "sha256:1a1d1915db1a4fdb2754b9de292642a39a7fb28f1736699527bb649484fb966a"},
    {file = "pillow-10.3.0-pp39-pypy39_pp73-win_amd64.whl", hash = "sha256:a0eaa93d054751ee9964afa21c06247779b90440ca41d184aeb5d410f20ff591"},
    {file = "pillow-10.3.0.tar.gz", hash = "sha256:9d2455fbf44c914840c793e89aa82d0e1763a14253a000743719ae5946814b2d"},
]

[[package]]
name = "pyfmodex"
version = "0.7.2"
requires_python = ">=3.6,<4.0"
summary = "Python bindings to the Fmod Ex library."
groups = ["default"]
files = [
    {file = "pyfmodex-0.7.2-py3-none-any.whl", hash = "sha256:1c42112b788e80ee7b4b57ae25bbbc0a98eb1e32a8e7c9e1246698cdf72efa9d"},
    {file = "pyfmodex-0.7.2.tar.gz", hash = "sha256:d9ad3d7841a1c4cf4733cbedc69389f84c58a640d23d0ffa083ad6080f35103c"},
]

[[package]]
name = "sniffio"
version = "1.3.1"
requires_python = ">=3.7"
summary = "Sniff out which async library your code is running under"
groups = ["default"]
files = [
    {file = "sniffio-1.3.1-py3-none-any.whl", hash = "sha256:2f6da418d1f1e0fddd844478f41680e794e6051915791a034ff65e5f100525a2"},
    {file = "sniffio-1.3.1.tar.gz", hash = "sha256:f4324edc670a0f49750a81b895f35c3adb843cca46f0530f79fc1babb23789dc"},
]

[[package]]
name = "tabulate"
version = "0.9.0"
requires_python = ">=3.7"
summary = "Pretty-print tabular data"
groups = ["default"]
files = [
    {file = "tabulate-0.9.0-py3-none-any.whl", hash = "sha256:024ca478df22e9340661486f85298cff5f6dcdba14f3813e8830015b9ed1948f"},
    {file = "tabulate-0.9.0.tar.gz", hash = "sha256:0095b12bf5966de529c0feb1fa08671671b3368eec77d7ef7ab114be2c068b3c"},
]

[[package]]
name = "texture2ddecoder"
version = "1.0.4"
summary = "a python wrapper for Perfare's Texture2DDecoder"
groups = ["default"]
files = [
    {file = "texture2ddecoder-1.0.4-cp310-cp310-macosx_10_15_x86_64.whl", hash = "sha256:24a4e3af12bdf91234741f1c14e52ae7dc2ebdd7d18314d3bbf2050807bfe2fa"},
    {file = "texture2ddecoder-1.0.4-cp310-cp310-macosx_10_9_universal2.whl", hash = "sha256:181d4922db33927d5fe3ac02afa5ddd13cdf410e2edf47c3bb4519ec976df485"},
    {file = "texture2ddecoder-1.0.4-cp310-cp310-macosx_10_9_x86_64.whl", hash = "sha256:4b09dd9eeb49019e33a48e582beb4874aeabc306011aa3f47e5808b55b5e981f"},
    {file = "texture2ddecoder-1.0.4-cp310-cp310-macosx_11_0_arm64.whl", hash = "sha256:4d87a70bf5e8c56099fd70be6513e06eefba4c633391ee5a7a554ac23272ef5e"},
    {file = "texture2ddecoder-1.0.4-cp310-cp310-manylinux_2_17_aarch64.manylinux2014_aarch64.whl", hash = "sha256:a15592119c0d0183101c0138a23bf3dec1be0ca069bd1fd6a72bdb02d98b43d9"},
    {file = "texture2ddecoder-1.0.4-cp310-cp310-manylinux_2_17_x86_64.manylinux2014_x86_64.whl", hash = "sha256:e24e594105c5e0519e846c502a4609600a62e1dcd29f5e7870c2ca801f084f5f"},
    {file = "texture2ddecoder-1.0.4-cp310-cp310-manylinux_2_5_i686.manylinux1_i686.manylinux_2_17_i686.manylinux2014_i686.whl", hash = "sha256:24ba11b007276672e10952d378c713847f02d0d396b6b37fe50855dbed5e05fc"},
    {file = "texture2ddecoder-1.0.4-cp310-cp310-win32.whl", hash = "sha256:ea126413b0287ac716cc0def66c2b0464a18422d46b8600cd4110b825fe3f706"},
    {file = "texture2ddecoder-1.0.4-cp310-cp310-win_amd64.whl", hash = "sha256:4f777c9e369c19893de5511c5694e84c94bee4bdbfefd5832c2f864529b5a45d"},
    {file = "texture2ddecoder-1.0.4-cp311-cp311-macosx_10_9_universal2.whl", hash = "sha256:f1fcdf7ce55523d987dc985ad37f11ee82ccd0880c6b2e3fbc4a7453d091e286"},
    {file = "texture2ddecoder-1.0.4-cp311-cp311-macosx_10_9_x86_64.whl", hash = "sha256:3f049ea8c3361751f3856e3bc19d30eb0dd1a0e2475ce613e88a8fbc8c56d0e0"},
    {file = "texture2ddecoder-1.0.4-cp311-cp311-macosx_11_0_arm64.whl", hash = "sha256:16dc50330930974b1d9d9d10a68381e318895e870d1141a242aefa344b5e7353"},
    {file = "texture2ddecoder-1.0.4-cp311-cp311-manylinux_2_17_aarch64.manylinux2014_aarch64.whl", hash = "sha256:e281afd98b76a9d8d0fab994505fe7ccab5aae289da6a2635e84c0f2f3674488"},
    {file = "texture2ddecoder-1.0.4-cp311-cp311-manylinux_2_17_x86_64.manylinux2014_x86_64.whl", hash = "sha256:fbcb114d65045c811943b350c29dc93b1de90d0e8679e950899c3d3391a2fdc5"},
    {file = "texture2ddecoder-1.0.4-cp311-cp311-manylinux_2_5_i686.manylinux1_i686.manylinux_2_17_i686.manylinux2014_i686.whl", hash = "sha256:f39bab4319e8b7f024d19590f0e550eadf74c80a784537baa09ef0974ed00411"},
    {file = "texture2ddecoder-1.0.4-cp311-cp311-win32.whl", hash = "sha256:72675e5017b1144df694cf50e5bd0b3032a91400021809148ae4a14f9333ed38"},
    {file = "texture2ddecoder-1.0.4-cp311-cp311-win_amd64.whl", hash = "sha256:d908546f527ff7b36920b2ea498c94ee19c5a568de18e2486c8e889709b30b92"},
    {file = "texture2ddecoder-1.0.4-cp312-cp312-macosx_10_9_universal2.whl", hash = "sha256:f03ccbad7acce60481412faa29ae9ccffde47803395efa14f8766622df8c4412"},
    {file = "texture2ddecoder-1.0.4-cp312-cp312-macosx_10_9_x86_64.whl", hash = "sha256:68c37dc763738366c41dc96e2e2281b703c045979ea54fea3b35e523e912f2bf"},
    {file = "texture2ddecoder-1.0.4-cp312-cp312-macosx_11_0_arm64.whl", hash = "sha256:f0a555a7f909645a42eefdc25565073d7c91177b3e1edbc9b94fdbe2937bd6fc"},
    {file = "texture2ddecoder-1.0.4-cp312-cp312-manylinux_2_17_aarch64.manylinux2014_aarch64.whl", hash = "sha256:9a64ec8db4d9564541bd9657a30348257a81032194c43c23c73b055e734e7a23"},
    {file = "texture2ddecoder-1.0.4-cp312-cp312-manylinux_2_17_x86_64.manylinux2014_x86_64.whl", hash = "sha256:d9a0f342bed12a03ca92527989a31c9586ebca29d1625aa6c2ffce9c8166b805"},
    {file = "texture2ddecoder-1.0.4-cp312-cp312-manylinux_2_5_i686.manylinux1_i686.manylinux_2_17_i686.manylinux2014_i686.whl", hash = "sha256:50294be1f80b117daf5fd7b979d8fd7f6eb389428849ed56c8464dc1ba0c4f59"},
    {file = "texture2ddecoder-1.0.4-cp312-cp312-win32.whl", hash = "sha256:a3e6fccb5b986ac1b3b780d41a019cf5f9788f654d98bd4f58992fc40431ebe8"},
    {file = "texture2ddecoder-1.0.4-cp312-cp312-win_amd64.whl", hash = "sha256:62544a8544a88507c16481d375bb240ad6d58281db4820753d47607001716215"},
    {file = "texture2ddecoder-1.0.4.tar.gz", hash = "sha256:a4e511f2ea56af1293b3f1d290ca30820b2a6233181929c50d79392b78ec04ea"},
]

[[package]]
name = "tqdm"
version = "4.66.4"
requires_python = ">=3.7"
summary = "Fast, Extensible Progress Meter"
groups = ["default"]
dependencies = [
    "colorama; platform_system == \"Windows\"",
]
files = [
    {file = "tqdm-4.66.4-py3-none-any.whl", hash = "sha256:b75ca56b413b030bc3f00af51fd2c1a1a5eac6a0c1cca83cbb37a5c52abce644"},
    {file = "tqdm-4.66.4.tar.gz", hash = "sha256:e4d936c9de8727928f3be6079590e97d9abfe8d39a590be678eb5919ffc186bb"},
]

[[package]]
name = "typing-extensions"
version = "4.12.2"
requires_python = ">=3.8"
summary = "Backported and Experimental Type Hints for Python 3.8+"
groups = ["default"]
marker = "python_version < \"3.11\""
files = [
    {file = "typing_extensions-4.12.2-py3-none-any.whl", hash = "sha256:04e5ca0351e0f3f85c6853954072df659d0d13fac324d0072316b67d7794700d"},
    {file = "typing_extensions-4.12.2.tar.gz", hash = "sha256:1a7ead55c7e559dd4dee8856e3a88b41225abfe1ce8df57b7c13915fe121ffb8"},
]

[[package]]
name = "unitypy"
version = "1.10.14"
requires_python = ">=3.6"
summary = "A Unity extraction and patching package"
groups = ["default"]
dependencies = [
    "Pillow",
    "brotli",
    "etcpak",
    "fsspec",
    "lz4",
    "pyfmodex>=0.7.1",
    "tabulate",
    "texture2ddecoder",
]
files = [
    {file = "UnityPy-1.10.14-cp310-cp310-macosx_10_9_universal2.whl", hash = "sha256:e3cdda6a47e25591f811287586107563192d88f568e1a6053fc8144dbaf80f36"},
    {file = "UnityPy-1.10.14-cp310-cp310-macosx_10_9_x86_64.whl", hash = "sha256:de905993a09a120467fa0d88861bc0aa7f8634a644ad38dea082dacabd988116"},
    {file = "UnityPy-1.10.14-cp310-cp310-macosx_11_0_arm64.whl", hash = "sha256:f7cacbcf8dfc6278061caf37a6441b38fb22ea267b291fd1ca93a3ce6cf604e9"},
    {file = "UnityPy-1.10.14-cp310-cp310-manylinux_2_17_aarch64.whl", hash = "sha256:61558da58b4df58d69f4f1092dd3deec871f23308f522b093b12a77e3013d152"},
    {file = "UnityPy-1.10.14-cp310-cp310-manylinux_2_17_i686.whl", hash = "sha256:0109ee5179509baf832d261575064eb4a4c2d567241a007cf47cfff00f4311d9"},
    {file = "UnityPy-1.10.14-cp310-cp310-manylinux_2_17_x86_64.whl", hash = "sha256:fcad869da5142df6affccd633bcdc61543aef850070fb3304dc3ce34fada97da"},
    {file = "UnityPy-1.10.14-cp310-cp310-win32.whl", hash = "sha256:af62e98ba37a87cf8469352e99af2670fc3bdf6de87ef50c71d875987f432d8d"},
    {file = "UnityPy-1.10.14-cp310-cp310-win_amd64.whl", hash = "sha256:de9183b6c5926a8f4587d1e1ffbf06c2ee910a4e5bf8ca8f360785ddf1c08fd5"},
    {file = "UnityPy-1.10.14-cp311-cp311-macosx_10_9_universal2.whl", hash = "sha256:7cd235212231c716d138dc7603e914e0a79b8e91c04910c2f9e6265e09e3ca61"},
    {file = "UnityPy-1.10.14-cp311-cp311-macosx_10_9_x86_64.whl", hash = "sha256:9f73c3f86df53a52de6d9804466c90147d2fd2494971bb3fde1af76daf2923b5"},
    {file = "UnityPy-1.10.14-cp311-cp311-macosx_11_0_arm64.whl", hash = "sha256:7db24714706bb02b6c923f8d498131443f5634fd4fc32df0dbdfd26aeaedabc8"},
    {file = "UnityPy-1.10.14-cp311-cp311-manylinux_2_17_aarch64.whl", hash = "sha256:209a74de443ccedc13dc37fa8e918117b79fac22eaa5abc46a1373f711eb7010"},
    {file = "UnityPy-1.10.14-cp311-cp311-manylinux_2_17_i686.whl", hash = "sha256:8c6cb4d0d70a9c55c50a55563a6f7e95ee59ac6a9605ff724d498b9e65193b50"},
    {file = "UnityPy-1.10.14-cp311-cp311-manylinux_2_17_x86_64.whl", hash = "sha256:7d951d14a9bdf834cea03b0413167ace8bf2de3114223ebde074be3117f9778f"},
    {file = "UnityPy-1.10.14-cp311-cp311-win32.whl", hash = "sha256:c58ba0b6d94a9af48a98c72a652839fdc5fb5cff1e419ad09d15f27c1109992c"},
    {file = "UnityPy-1.10.14-cp311-cp311-win_amd64.whl", hash = "sha256:508717b71ac21f73b848e2c8c1048454a8a853c5d4f5756cf20a8d886b1a5935"},
    {file = "UnityPy-1.10.14-cp312-cp312-macosx_10_9_universal2.whl", hash = "sha256:a561877b2e511ab12490272d29865e44d0036f3e9e343d6b4b031e978689ed31"},
    {file = "UnityPy-1.10.14-cp312-cp312-macosx_10_9_x86_64.whl", hash = "sha256:2d736e80a69d9748da4d235dd818911c81c3a7e8bc01011e789b3897cdffb564"},
    {file = "UnityPy-1.10.14-cp312-cp312-macosx_11_0_arm64.whl", hash = "sha256:40a82a07fbf7ccf0f57735a5487e4f77d26c294d86a95f9192d9eacaef7e7561"},
    {file = "UnityPy-1.10.14-cp312-cp312-manylinux_2_17_aarch64.whl", hash = "sha256:840dc5c719338da061b1d38f551279aea0e155dab23ffc13a5cbc42b64cbb153"},
    {file = "UnityPy-1.10.14-cp312-cp312-manylinux_2_17_i686.whl", hash = "sha256:7fe35656042f22beabcb6e526db149ccef50d48183ba74a9e6397da57c4a6cc5"},
    {file = "UnityPy-1.10.14-cp312-cp312-manylinux_2_17_x86_64.whl", hash = "sha256:d5e1ad82e6cadf62f5d513844f439433d88a551be07a42d1a154345bea632499"},
    {file = "UnityPy-1.10.14-cp312-cp312-win32.whl", hash = "sha256:139409f67dabe986a9497098bafd126c92835bed8e0aae0c03621235ef467321"},
    {file = "UnityPy-1.10.14-cp312-cp312-win_amd64.whl", hash = "sha256:0e056705db7683c94dc22b16211296558a847c5a77ceab26dbf56a2d1a461122"},
    {file = "unitypy-1.10.14.tar.gz", hash = "sha256:b6d44a5eae432bbd2589f5c0f80aeccfe66f5a7deadb7b26f75558a763673ada"},
]
